
Microsoft Visual Studio Solution File, Format Version 12.00
# Visual Studio Version 17
VisualStudioVersion = 17.6.33723.286
MinimumVisualStudioVersion = 10.0.40219.1
Project("{FAE04EC0-301F-11D3-BF4B-00C04F79EFBC}") = "SuperHeroAPI", "SuperHeroAPI\SuperHeroAPI.csproj", "{24C6D3F9-A901-41D1-A958-2C993DF6A0F6}"
EndProject
Global
	GlobalSection(SolutionConfigurationPlatforms) = preSolution
		Debug|Any CPU = Debug|Any CPU
		Release|Any CPU = Release|Any CPU
	EndGlobalSection
	GlobalSection(ProjectConfigurationPlatforms) = postSolution
		{24C6D3F9-A901-41D1-A958-2C993DF6A0F6}.Debug|Any CPU.ActiveCfg = Debug|Any CPU
		{24C6D3F9-A901-41D1-A958-2C993DF6A0F6}.Debug|Any CPU.Build.0 = Debug|Any CPU
		{24C6D3F9-A901-41D1-A958-2C993DF6A0F6}.Release|Any CPU.ActiveCfg = Release|Any CPU
		{24C6D3F9-A901-41D1-A958-2C993DF6A0F6}.Release|Any CPU.Build.0 = Release|Any CPU
	EndGlobalSection
	GlobalSection(SolutionProperties) = preSolution
		HideSolutionNode = FALSE
	EndGlobalSection
	GlobalSection(ExtensibilityGlobals) = postSolution
		SolutionGuid = {F3A17114-DA77-48C4-A1E1-31978F7D190B}
	EndGlobalSection
EndGlobal
